// !$*UTF8*$!
{
	archiveVersion = 1;
	classes = {
	};
	objectVersion = 77;
	objects = {

/* Begin PBXBuildFile section */
		AA00000000000000000000E1 /* TetherCore in Frameworks */ = {isa = PBXBuildFile; productRef = AA0000000000000000000131 /* TetherCore */; };
		AA00000000000000000000E2 /* TetherCore in Frameworks */ = {isa = PBXBuildFile; productRef = AA0000000000000000000132 /* TetherCore */; };
		AA00000000000000000000E3 /* TetherCore in Frameworks */ = {isa = PBXBuildFile; productRef = AA0000000000000000000133 /* TetherCore */; };
		AA00000000000000000000E4 /* Quartz.framework in Frameworks */ = {isa = PBXBuildFile; fileRef = AA00000000000000000000D4 /* Quartz.framework */; };
		AA00000000000000000000E5 /* FinderSync.framework in Frameworks */ = {isa = PBXBuildFile; fileRef = AA00000000000000000000D5 /* FinderSync.framework */; };
		AA00000000000000000000E6 /* TetherQuickLook.appex in Embed App Extensions */ = {isa = PBXBuildFile; fileRef = AA00000000000000000000D2 /* TetherQuickLook.appex */; settings = {ATTRIBUTES = (RemoveHeadersOnCopy, ); }; };
		AA00000000000000000000E7 /* TetherFinderSync.appex in Embed App Extensions */ = {isa = PBXBuildFile; fileRef = AA00000000000000000000D3 /* TetherFinderSync.appex */; settings = {ATTRIBUTES = (RemoveHeadersOnCopy, ); }; };
/* End PBXBuildFile section */

/* Begin PBXContainerItemProxy section */
		AA0000000000000000000141 /* PBXContainerItemProxy */ = {
			isa = PBXContainerItemProxy;
			containerPortal = AA00000000000000000000A1 /* Project object */;
			proxyType = 1;
			remoteGlobalIDString = AA00000000000000000000F2;
			remoteInfo = TetherQuickLook;
		};
		AA0000000000000000000142 /* PBXContainerItemProxy */ = {
			isa = PBXContainerItemProxy;
			containerPortal = AA00000000000000000000A1 /* Project object */;
			proxyType = 1;
			remoteGlobalIDString = AA00000000000000000000F3;
			remoteInfo = TetherFinderSync;
		};
/* End PBXContainerItemProxy section */

/* Begin PBXCopyFilesBuildPhase section */
		AA0000000000000000000124 /* Embed App Extensions */ = {
			isa = PBXCopyFilesBuildPhase;
			buildActionMask = 2147483647;
			dstPath = "";
			dstSubfolderSpec = 13;
			files = (
				AA00000000000000000000E6 /* TetherQuickLook.appex in Embed App Extensions */,
				AA00000000000000000000E7 /* TetherFinderSync.appex in Embed App Extensions */,
			);
			name = "Embed App Extensions";
			runOnlyForDeploymentPostprocessing = 0;
		};
/* End PBXCopyFilesBuildPhase section */

/* Begin PBXFileReference section */
		AA00000000000000000000D1 /* Tether.app */ = {isa = PBXFileReference; explicitFileType = wrapper.application; includeInIndex = 0; path = Tether.app; sourceTree = BUILT_PRODUCTS_DIR; };
		AA00000000000000000000D2 /* TetherQuickLook.appex */ = {isa = PBXFileReference; explicitFileType = "wrapper.app-extension"; includeInIndex = 0; path = TetherQuickLook.appex; sourceTree = BUILT_PRODUCTS_DIR; };
		AA00000000000000000000D3 /* TetherFinderSync.appex */ = {isa = PBXFileReference; explicitFileType = "wrapper.app-extension"; includeInIndex = 0; path = TetherFinderSync.appex; sourceTree = BUILT_PRODUCTS_DIR; };
		AA00000000000000000000D4 /* Quartz.framework */ = {isa = PBXFileReference; lastKnownFileType = wrapper.framework; name = Quartz.framework; path = System/Library/Frameworks/Quartz.framework; sourceTree = SDKROOT; };
		AA00000000000000000000D5 /* FinderSync.framework */ = {isa = PBXFileReference; lastKnownFileType = wrapper.framework; name = FinderSync.framework; path = System/Library/Frameworks/FinderSync.framework; sourceTree = SDKROOT; };
/* End PBXFileReference section */

/* Begin PBXFileSystemSynchronizedBuildFileExceptionSet section */
		AA00000000000000000000C4 /* Exceptions for "Tether" folder in "Tether" target */ = {
			isa = PBXFileSystemSynchronizedBuildFileExceptionSet;
			membershipExceptions = (
				Info.plist,
			);
			target = AA00000000000000000000F1 /* Tether */;
		};
		AA00000000000000000000C5 /* Exceptions for "TetherQuickLook" folder in "TetherQuickLook" target */ = {
			isa = PBXFileSystemSynchronizedBuildFileExceptionSet;
			membershipExceptions = (
				Info.plist,
			);
			target = AA00000000000000000000F2 /* TetherQuickLook */;
		};
		AA00000000000000000000C6 /* Exceptions for "TetherFinderSync" folder in "TetherFinderSync" target */ = {
			isa = PBXFileSystemSynchronizedBuildFileExceptionSet;
			membershipExceptions = (
				Info.plist,
			);
			target = AA00000000000000000000F3 /* TetherFinderSync */;
		};
/* End PBXFileSystemSynchronizedBuildFileExceptionSet section */

/* Begin PBXFileSystemSynchronizedRootGroup section */
		AA00000000000000000000C1 /* Tether */ = {
			isa = PBXFileSystemSynchronizedRootGroup;
			exceptions = (
				AA00000000000000000000C4 /* Exceptions for "Tether" folder in "Tether" target */,
			);
			path = Tether;
			sourceTree = "<group>";
		};
		AA00000000000000000000C2 /* TetherQuickLook */ = {
			isa = PBXFileSystemSynchronizedRootGroup;
			exceptions = (
				AA00000000000000000000C5 /* Exceptions for "TetherQuickLook" folder in "TetherQuickLook" target */,
			);
			path = TetherQuickLook;
			sourceTree = "<group>";
		};
		AA00000000000000000000C3 /* TetherFinderSync */ = {
			isa = PBXFileSystemSynchronizedRootGroup;
			exceptions = (
				AA00000000000000000000C6 /* Exceptions for "TetherFinderSync" folder in "TetherFinderSync" target */,
			);
			path = TetherFinderSync;
			sourceTree = "<group>";
		};
/* End PBXFileSystemSynchronizedRootGroup section */

/* Begin PBXFrameworksBuildPhase section */
		AA0000000000000000000122 /* Frameworks */ = {
			isa = PBXFrameworksBuildPhase;
			buildActionMask = 2147483647;
			files = (
				AA00000000000000000000E1 /* TetherCore in Frameworks */,
			);
			runOnlyForDeploymentPostprocessing = 0;
		};
		AA0000000000000000000126 /* Frameworks */ = {
			isa = PBXFrameworksBuildPhase;
			buildActionMask = 2147483647;
			files = (
				AA00000000000000000000E4 /* Quartz.framework in Frameworks */,
				AA00000000000000000000E2 /* TetherCore in Frameworks */,
			);
			runOnlyForDeploymentPostprocessing = 0;
		};
		AA0000000000000000000129 /* Frameworks */ = {
			isa = PBXFrameworksBuildPhase;
			buildActionMask = 2147483647;
			files = (
				AA00000000000000000000E5 /* FinderSync.framework in Frameworks */,
				AA00000000000000000000E3 /* TetherCore in Frameworks */,
			);
			runOnlyForDeploymentPostprocessing = 0;
		};
/* End PBXFrameworksBuildPhase section */

/* Begin PBXGroup section */
		AA00000000000000000000B1 = {
			isa = PBXGroup;
			children = (
				AA00000000000000000000C1 /* Tether */,
				AA00000000000000000000C2 /* TetherQuickLook */,
				AA00000000000000000000C3 /* TetherFinderSync */,
				AA00000000000000000000B3 /* Frameworks */,
				AA00000000000000000000B2 /* Products */,
			);
			sourceTree = "<group>";
		};
		AA00000000000000000000B2 /* Products */ = {
			isa = PBXGroup;
			children = (
				AA00000000000000000000D1 /* Tether.app */,
				AA00000000000000000000D2 /* TetherQuickLook.appex */,
				AA00000000000000000000D3 /* TetherFinderSync.appex */,
			);
			name = Products;
			sourceTree = "<group>";
		};
		AA00000000000000000000B3 /* Frameworks */ = {
			isa = PBXGroup;
			children = (
				AA00000000000000000000D4 /* Quartz.framework */,
				AA00000000000000000000D5 /* FinderSync.framework */,
			);
			name = Frameworks;
			sourceTree = "<group>";
		};
/* End PBXGroup section */

/* Begin PBXNativeTarget section */
		AA00000000000000000000F1 /* Tether */ = {
			isa = PBXNativeTarget;
			buildConfigurationList = AA0000000000000000000102 /* Build configuration list for PBXNativeTarget "Tether" */;
			buildPhases = (
				AA0000000000000000000121 /* Sources */,
				AA0000000000000000000122 /* Frameworks */,
				AA0000000000000000000123 /* Resources */,
				AA0000000000000000000124 /* Embed App Extensions */,
			);
			buildRules = (
			);
			dependencies = (
				AA0000000000000000000143 /* PBXTargetDependency */,
				AA0000000000000000000144 /* PBXTargetDependency */,
			);
			fileSystemSynchronizedGroups = (
				AA00000000000000000000C1 /* Tether */,
			);
			name = Tether;
			packageProductDependencies = (
				AA0000000000000000000131 /* TetherCore */,
			);
			productName = Tether;
			productReference = AA00000000000000000000D1 /* Tether.app */;
			productType = "com.apple.product-type.application";
		};
		AA00000000000000000000F2 /* TetherQuickLook */ = {
			isa = PBXNativeTarget;
			buildConfigurationList = AA0000000000000000000103 /* Build configuration list for PBXNativeTarget "TetherQuickLook" */;
			buildPhases = (
				AA0000000000000000000125 /* Sources */,
				AA0000000000000000000126 /* Frameworks */,
				AA0000000000000000000127 /* Resources */,
			);
			buildRules = (
			);
			dependencies = (
			);
			fileSystemSynchronizedGroups = (
				AA00000000000000000000C2 /* TetherQuickLook */,
			);
			name = TetherQuickLook;
			packageProductDependencies = (
				AA0000000000000000000132 /* TetherCore */,
			);
			productName = TetherQuickLook;
			productReference = AA00000000000000000000D2 /* TetherQuickLook.appex */;
			productType = "com.apple.product-type.app-extension";
		};
		AA00000000000000000000F3 /* TetherFinderSync */ = {
			isa = PBXNativeTarget;
			buildConfigurationList = AA0000000000000000000104 /* Build configuration list for PBXNativeTarget "TetherFinderSync" */;
			buildPhases = (
				AA0000000000000000000128 /* Sources */,
				AA0000000000000000000129 /* Frameworks */,
				AA000000000000000000012A /* Resources */,
			);
			buildRules = (
			);
			dependencies = (
			);
			fileSystemSynchronizedGroups = (
				AA00000000000000000000C3 /* TetherFinderSync */,
			);
			name = TetherFinderSync;
			packageProductDependencies = (
				AA0000000000000000000133 /* TetherCore */,
			);
			productName = TetherFinderSync;
			productReference = AA00000000000000000000D3 /* TetherFinderSync.appex */;
			productType = "com.apple.product-type.app-extension";
		};
/* End PBXNativeTarget section */

/* Begin PBXProject section */
		AA00000000000000000000A1 /* Project object */ = {
			isa = PBXProject;
			attributes = {
				BuildIndependentTargetsInParallel = 1;
				LastSwiftUpdateCheck = 2620;
				LastUpgradeCheck = 2620;
				TargetAttributes = {
					AA00000000000000000000F1 = {
						CreatedOnToolsVersion = 26.2;
					};
					AA00000000000000000000F2 = {
						CreatedOnToolsVersion = 26.2;
					};
					AA00000000000000000000F3 = {
						CreatedOnToolsVersion = 26.2;
					};
				};
			};
			buildConfigurationList = AA0000000000000000000101 /* Build configuration list for PBXProject "Tether" */;
			developmentRegion = en;
			hasScannedForEncodings = 0;
			knownRegions = (
				en,
				Base,
			);
			mainGroup = AA00000000000000000000B1;
			minimizedProjectReferenceProxies = 1;
			packageReferences = (
				AA0000000000000000000130 /* XCLocalSwiftPackageReference "TetherCore" */,
			);
			preferredProjectObjectVersion = 77;
			productRefGroup = AA00000000000000000000B2 /* Products */;
			projectDirPath = "";
			projectRoot = "";
			targets = (
				AA00000000000000000000F1 /* Tether */,
				AA00000000000000000000F2 /* TetherQuickLook */,
				AA00000000000000000000F3 /* TetherFinderSync */,
			);
		};
/* End PBXProject section */

/* Begin PBXResourcesBuildPhase section */
		AA0000000000000000000123 /* Resources */ = {
			isa = PBXResourcesBuildPhase;
			buildActionMask = 2147483647;
			files = (
			);
			runOnlyForDeploymentPostprocessing = 0;
		};
		AA0000000000000000000127 /* Resources */ = {
			isa = PBXResourcesBuildPhase;
			buildActionMask = 2147483647;
			files = (
			);
			runOnlyForDeploymentPostprocessing = 0;
		};
		AA000000000000000000012A /* Resources */ = {
			isa = PBXResourcesBuildPhase;
			buildActionMask = 2147483647;
			files = (
			);
			runOnlyForDeploymentPostprocessing = 0;
		};
/* End PBXResourcesBuildPhase section */

/* Begin PBXSourcesBuildPhase section */
		AA0000000000000000000121 /* Sources */ = {
			isa = PBXSourcesBuildPhase;
			buildActionMask = 2147483647;
			files = (
			);
			runOnlyForDeploymentPostprocessing = 0;
		};
		AA0000000000000000000125 /* Sources */ = {
			isa = PBXSourcesBuildPhase;
			buildActionMask = 2147483647;
			files = (
			);
			runOnlyForDeploymentPostprocessing = 0;
		};
		AA0000000000000000000128 /* Sources */ = {
			isa = PBXSourcesBuildPhase;
			buildActionMask = 2147483647;
			files = (
			);
			runOnlyForDeploymentPostprocessing = 0;
		};
/* End PBXSourcesBuildPhase section */

/* Begin PBXTargetDependency section */
		AA0000000000000000000143 /* PBXTargetDependency */ = {
			isa = PBXTargetDependency;
			target = AA00000000000000000000F2 /* TetherQuickLook */;
			targetProxy = AA0000000000000000000141 /* PBXContainerItemProxy */;
		};
		AA0000000000000000000144 /* PBXTargetDependency */ = {
			isa = PBXTargetDependency;
			target = AA00000000000000000000F3 /* TetherFinderSync */;
			targetProxy = AA0000000000000000000142 /* PBXContainerItemProxy */;
		};
/* End PBXTargetDependency section */

/* Begin XCBuildConfiguration section */
		AA0000000000000000000111 /* Debug */ = {
			isa = XCBuildConfiguration;
			buildSettings = {
				ALWAYS_SEARCH_USER_PATHS = NO;
				CLANG_ANALYZER_NONNULL = YES;
				CLANG_ENABLE_MODULES = YES;
				CLANG_ENABLE_OBJC_ARC = YES;
				CLANG_ENABLE_OBJC_WEAK = YES;
				CLANG_WARN_BLOCK_CAPTURE_AUTORELEASING = YES;
				CLANG_WARN_BOOL_CONVERSION = YES;
				CLANG_WARN_COMMA = YES;
				CLANG_WARN_CONSTANT_CONVERSION = YES;
				CLANG_WARN_DEPRECATED_OBJC_IMPLEMENTATIONS = YES;
				CLANG_WARN_DIRECT_OBJC_ISA_USAGE = YES_ERROR;
				CLANG_WARN_DOCUMENTATION_COMMENTS = YES;
				CLANG_WARN_EMPTY_BODY = YES;
				CLANG_WARN_ENUM_CONVERSION = YES;
				CLANG_WARN_INFINITE_RECURSION = YES;
				CLANG_WARN_INT_CONVERSION = YES;
				CLANG_WARN_NON_LITERAL_NULL_CONVERSION = YES;
				CLANG_WARN_OBJC_IMPLICIT_RETAIN_SELF = YES;
				CLANG_WARN_OBJC_LITERAL_CONVERSION = YES;
				CLANG_WARN_OBJC_ROOT_CLASS = YES_ERROR;
				CLANG_WARN_QUOTED_INCLUDE_IN_FRAMEWORK_HEADER = YES;
				CLANG_WARN_RANGE_LOOP_ANALYSIS = YES;
				CLANG_WARN_STRICT_PROTOTYPES = YES;
				CLANG_WARN_SUSPICIOUS_MOVE = YES;
				CLANG_WARN_UNGUARDED_AVAILABILITY = YES_AGGRESSIVE;
				CLANG_WARN_UNREACHABLE_CODE = YES;
				CLANG_WARN__DUPLICATE_METHOD_MATCH = YES;
				COPY_PHASE_STRIP = NO;
				DEAD_CODE_STRIPPING = YES;
				DEBUG_INFORMATION_FORMAT = dwarf;
				ENABLE_STRICT_OBJC_MSGSEND = YES;
				ENABLE_TESTABILITY = YES;
				ENABLE_USER_SCRIPT_SANDBOXING = YES;
				GCC_C_LANGUAGE_STANDARD = gnu17;
				GCC_DYNAMIC_NO_PIC = NO;
				GCC_NO_COMMON_BLOCKS = YES;
				GCC_OPTIMIZATION_LEVEL = 0;
				GCC_PREPROCESSOR_DEFINITIONS = (
					"DEBUG=1",
					"$(inherited)",
				);
				GCC_WARN_64_TO_32_BIT_CONVERSION = YES;
				GCC_WARN_ABOUT_RETURN_TYPE = YES_ERROR;
				GCC_WARN_UNDECLARED_SELECTOR = YES;
				GCC_WARN_UNINITIALIZED_AUTOS = YES_AGGRESSIVE;
				GCC_WARN_UNUSED_FUNCTION = YES;
				GCC_WARN_UNUSED_VARIABLE = YES;
				LOCALIZATION_PREFERS_STRING_CATALOGS = YES;
				MACOSX_DEPLOYMENT_TARGET = 15.0;
				MTL_ENABLE_DEBUG_INFO = INCLUDE_SOURCE;
				MTL_FAST_MATH = YES;
				ONLY_ACTIVE_ARCH = YES;
				SDKROOT = macosx;
				SWIFT_ACTIVE_COMPILATION_CONDITIONS = "DEBUG $(inherited)";
				SWIFT_OPTIMIZATION_LEVEL = "-Onone";
				SWIFT_VERSION = 5.0;
			};
			name = Debug;
		};
		AA0000000000000000000112 /* Release */ = {
			isa = XCBuildConfiguration;
			buildSettings = {
				ALWAYS_SEARCH_USER_PATHS = NO;
				CLANG_ANALYZER_NONNULL = YES;
				CLANG_ENABLE_MODULES = YES;
				CLANG_ENABLE_OBJC_ARC = YES;
				CLANG_ENABLE_OBJC_WEAK = YES;
				CLANG_WARN_BLOCK_CAPTURE_AUTORELEASING = YES;
				CLANG_WARN_BOOL_CONVERSION = YES;
				CLANG_WARN_COMMA = YES;
				CLANG_WARN_CONSTANT_CONVERSION = YES;
				CLANG_WARN_DEPRECATED_OBJC_IMPLEMENTATIONS = YES;
				CLANG_WARN_DIRECT_OBJC_ISA_USAGE = YES_ERROR;
				CLANG_WARN_DOCUMENTATION_COMMENTS = YES;
				CLANG_WARN_EMPTY_BODY = YES;
				CLANG_WARN_ENUM_CONVERSION = YES;
				CLANG_WARN_INFINITE_RECURSION = YES;
				CLANG_WARN_INT_CONVERSION = YES;
				CLANG_WARN_NON_LITERAL_NULL_CONVERSION = YES;
				CLANG_WARN_OBJC_IMPLICIT_RETAIN_SELF = YES;
				CLANG_WARN_OBJC_LITERAL_CONVERSION = YES;
				CLANG_WARN_OBJC_ROOT_CLASS = YES_ERROR;
				CLANG_WARN_QUOTED_INCLUDE_IN_FRAMEWORK_HEADER = YES;
				CLANG_WARN_RANGE_LOOP_ANALYSIS = YES;
				CLANG_WARN_STRICT_PROTOTYPES = YES;
				CLANG_WARN_SUSPICIOUS_MOVE = YES;
				CLANG_WARN_UNGUARDED_AVAILABILITY = YES_AGGRESSIVE;
				CLANG_WARN_UNREACHABLE_CODE = YES;
				CLANG_WARN__DUPLICATE_METHOD_MATCH = YES;
				COPY_PHASE_STRIP = NO;
				DEAD_CODE_STRIPPING = YES;
				DEBUG_INFORMATION_FORMAT = "dwarf-with-dsym";
				ENABLE_NS_ASSERTIONS = NO;
				ENABLE_STRICT_OBJC_MSGSEND = YES;
				ENABLE_USER_SCRIPT_SANDBOXING = YES;
				GCC_C_LANGUAGE_STANDARD = gnu17;
				GCC_NO_COMMON_BLOCKS = YES;
				GCC_WARN_64_TO_32_BIT_CONVERSION = YES;
				GCC_WARN_ABOUT_RETURN_TYPE = YES_ERROR;
				GCC_WARN_UNDECLARED_SELECTOR = YES;
				GCC_WARN_UNINITIALIZED_AUTOS = YES_AGGRESSIVE;
				GCC_WARN_UNUSED_FUNCTION = YES;
				GCC_WARN_UNUSED_VARIABLE = YES;
				LOCALIZATION_PREFERS_STRING_CATALOGS = YES;
				MACOSX_DEPLOYMENT_TARGET = 15.0;
				MTL_ENABLE_DEBUG_INFO = NO;
				MTL_FAST_MATH = YES;
				SDKROOT = macosx;
				SWIFT_COMPILATION_MODE = wholemodule;
				SWIFT_OPTIMIZATION_LEVEL = "-O";
				SWIFT_VERSION = 5.0;
				VALIDATE_PRODUCT = YES;
			};
			name = Release;
		};
		AA0000000000000000000113 /* Debug */ = {
			isa = XCBuildConfiguration;
			buildSettings = {
				ALWAYS_EMBED_SWIFT_STANDARD_LIBRARIES = YES;
				CODE_SIGN_IDENTITY = "-";
				CODE_SIGN_STYLE = Manual;
				CURRENT_PROJECT_VERSION = 1;
				DEVELOPMENT_TEAM = "";
				GENERATE_INFOPLIST_FILE = NO;
				INFOPLIST_FILE = Tether/Info.plist;
				LD_RUNPATH_SEARCH_PATHS = (
					"$(inherited)",
					"@executable_path/../Frameworks",
				);
				MACOSX_DEPLOYMENT_TARGET = 15.0;
				MARKETING_VERSION = 1.0;
				PRODUCT_BUNDLE_IDENTIFIER = com.tether.app;
				PRODUCT_BUNDLE_PACKAGE_TYPE = APPL;
				PRODUCT_NAME = "$(TARGET_NAME)";
				SWIFT_EMIT_LOC_STRINGS = YES;
				SWIFT_STRICT_CONCURRENCY = minimal;
				SWIFT_VERSION = 5.0;
			};
			name = Debug;
		};
		AA0000000000000000000114 /* Release */ = {
			isa = XCBuildConfiguration;
			buildSettings = {
				ALWAYS_EMBED_SWIFT_STANDARD_LIBRARIES = YES;
				CODE_SIGN_IDENTITY = "-";
				CODE_SIGN_STYLE = Manual;
				CURRENT_PROJECT_VERSION = 1;
				DEVELOPMENT_TEAM = "";
				GENERATE_INFOPLIST_FILE = NO;
				INFOPLIST_FILE = Tether/Info.plist;
				LD_RUNPATH_SEARCH_PATHS = (
					"$(inherited)",
					"@executable_path/../Frameworks",
				);
				MACOSX_DEPLOYMENT_TARGET = 15.0;
				MARKETING_VERSION = 1.0;
				PRODUCT_BUNDLE_IDENTIFIER = com.tether.app;
				PRODUCT_BUNDLE_PACKAGE_TYPE = APPL;
				PRODUCT_NAME = "$(TARGET_NAME)";
				SWIFT_EMIT_LOC_STRINGS = YES;
				SWIFT_STRICT_CONCURRENCY = minimal;
				SWIFT_VERSION = 5.0;
			};
			name = Release;
		};
		AA0000000000000000000115 /* Debug */ = {
			isa = XCBuildConfiguration;
			buildSettings = {
				CODE_SIGN_ENTITLEMENTS = TetherQuickLook/TetherQuickLook.entitlements;
				CODE_SIGN_IDENTITY = "-";
				CODE_SIGN_STYLE = Manual;
				CURRENT_PROJECT_VERSION = 1;
				DEVELOPMENT_TEAM = "";
				GENERATE_INFOPLIST_FILE = NO;
				INFOPLIST_FILE = TetherQuickLook/Info.plist;
				LD_RUNPATH_SEARCH_PATHS = (
					"$(inherited)",
					"@executable_path/../Frameworks",
					"@executable_path/../../../../Frameworks",
				);
				MACOSX_DEPLOYMENT_TARGET = 15.0;
				MARKETING_VERSION = 1.0;
				PRODUCT_BUNDLE_IDENTIFIER = com.tether.app.QuickLook;
				PRODUCT_BUNDLE_PACKAGE_TYPE = "XPC!";
				PRODUCT_NAME = "$(TARGET_NAME)";
				SKIP_INSTALL = YES;
				SWIFT_EMIT_LOC_STRINGS = YES;
				SWIFT_STRICT_CONCURRENCY = minimal;
				SWIFT_VERSION = 5.0;
			};
			name = Debug;
		};
		AA0000000000000000000116 /* Release */ = {
			isa = XCBuildConfiguration;
			buildSettings = {
				CODE_SIGN_ENTITLEMENTS = TetherQuickLook/TetherQuickLook.entitlements;
				CODE_SIGN_IDENTITY = "-";
				CODE_SIGN_STYLE = Manual;
				CURRENT_PROJECT_VERSION = 1;
				DEVELOPMENT_TEAM = "";
				GENERATE_INFOPLIST_FILE = NO;
				INFOPLIST_FILE = TetherQuickLook/Info.plist;
				LD_RUNPATH_SEARCH_PATHS = (
					"$(inherited)",
					"@executable_path/../Frameworks",
					"@executable_path/../../../../Frameworks",
				);
				MACOSX_DEPLOYMENT_TARGET = 15.0;
				MARKETING_VERSION = 1.0;
				PRODUCT_BUNDLE_IDENTIFIER = com.tether.app.QuickLook;
				PRODUCT_BUNDLE_PACKAGE_TYPE = "XPC!";
				PRODUCT_NAME = "$(TARGET_NAME)";
				SKIP_INSTALL = YES;
				SWIFT_EMIT_LOC_STRINGS = YES;
				SWIFT_STRICT_CONCURRENCY = minimal;
				SWIFT_VERSION = 5.0;
			};
			name = Release;
		};
		AA0000000000000000000117 /* Debug */ = {
			isa = XCBuildConfiguration;
			buildSettings = {
				CODE_SIGN_ENTITLEMENTS = TetherFinderSync/TetherFinderSync.entitlements;
				CODE_SIGN_IDENTITY = "-";
				CODE_SIGN_STYLE = Manual;
				COMBINE_HIDPI_IMAGES = YES;
				CURRENT_PROJECT_VERSION = 1;
				DEVELOPMENT_TEAM = "";
				GENERATE_INFOPLIST_FILE = NO;
				INFOPLIST_FILE = TetherFinderSync/Info.plist;
				LD_RUNPATH_SEARCH_PATHS = (
					"$(inherited)",
					"@executable_path/../Frameworks",
					"@executable_path/../../../../Frameworks",
				);
				MACOSX_DEPLOYMENT_TARGET = 15.0;
				MARKETING_VERSION = 1.0;
				PRODUCT_BUNDLE_IDENTIFIER = com.tether.app.FinderSync;
				PRODUCT_BUNDLE_PACKAGE_TYPE = "XPC!";
				PRODUCT_NAME = "$(TARGET_NAME)";
				SKIP_INSTALL = YES;
				SWIFT_EMIT_LOC_STRINGS = YES;
				SWIFT_STRICT_CONCURRENCY = minimal;
				SWIFT_VERSION = 5.0;
			};
			name = Debug;
		};
		AA0000000000000000000118 /* Release */ = {
			isa = XCBuildConfiguration;
			buildSettings = {
				CODE_SIGN_ENTITLEMENTS = TetherFinderSync/TetherFinderSync.entitlements;
				CODE_SIGN_IDENTITY = "-";
				CODE_SIGN_STYLE = Manual;
				COMBINE_HIDPI_IMAGES = YES;
				CURRENT_PROJECT_VERSION = 1;
				DEVELOPMENT_TEAM = "";
				GENERATE_INFOPLIST_FILE = NO;
				INFOPLIST_FILE = TetherFinderSync/Info.plist;
				LD_RUNPATH_SEARCH_PATHS = (
					"$(inherited)",
					"@executable_path/../Frameworks",
					"@executable_path/../../../../Frameworks",
				);
				MACOSX_DEPLOYMENT_TARGET = 15.0;
				MARKETING_VERSION = 1.0;
				PRODUCT_BUNDLE_IDENTIFIER = com.tether.app.FinderSync;
				PRODUCT_BUNDLE_PACKAGE_TYPE = "XPC!";
				PRODUCT_NAME = "$(TARGET_NAME)";
				SKIP_INSTALL = YES;
				SWIFT_EMIT_LOC_STRINGS = YES;
				SWIFT_STRICT_CONCURRENCY = minimal;
				SWIFT_VERSION = 5.0;
			};
			name = Release;
		};
/* End XCBuildConfiguration section */

/* Begin XCConfigurationList section */
		AA0000000000000000000101 /* Build configuration list for PBXProject "Tether" */ = {
			isa = XCConfigurationList;
			buildConfigurations = (
				AA0000000000000000000111 /* Debug */,
				AA0000000000000000000112 /* Release */,
			);
			defaultConfigurationIsVisible = 0;
			defaultConfigurationName = Release;
		};
		AA0000000000000000000102 /* Build configuration list for PBXNativeTarget "Tether" */ = {
			isa = XCConfigurationList;
			buildConfigurations = (
				AA0000000000000000000113 /* Debug */,
				AA0000000000000000000114 /* Release */,
			);
			defaultConfigurationIsVisible = 0;
			defaultConfigurationName = Release;
		};
		AA0000000000000000000103 /* Build configuration list for PBXNativeTarget "TetherQuickLook" */ = {
			isa = XCConfigurationList;
			buildConfigurations = (
				AA0000000000000000000115 /* Debug */,
				AA0000000000000000000116 /* Release */,
			);
			defaultConfigurationIsVisible = 0;
			defaultConfigurationName = Release;
		};
		AA0000000000000000000104 /* Build configuration list for PBXNativeTarget "TetherFinderSync" */ = {
			isa = XCConfigurationList;
			buildConfigurations = (
				AA0000000000000000000117 /* Debug */,
				AA0000000000000000000118 /* Release */,
			);
			defaultConfigurationIsVisible = 0;
			defaultConfigurationName = Release;
		};
/* End XCConfigurationList section */

/* Begin XCLocalSwiftPackageReference section */
		AA0000000000000000000130 /* XCLocalSwiftPackageReference "TetherCore" */ = {
			isa = XCLocalSwiftPackageReference;
			relativePath = TetherCore;
		};
/* End XCLocalSwiftPackageReference section */

/* Begin XCSwiftPackageProductDependency section */
		AA0000000000000000000131 /* TetherCore */ = {
			isa = XCSwiftPackageProductDependency;
			productName = TetherCore;
		};
		AA0000000000000000000132 /* TetherCore */ = {
			isa = XCSwiftPackageProductDependency;
			productName = TetherCore;
		};
		AA0000000000000000000133 /* TetherCore */ = {
			isa = XCSwiftPackageProductDependency;
			productName = TetherCore;
		};
/* End XCSwiftPackageProductDependency section */
	};
	rootObject = AA00000000000000000000A1 /* Project object */;
}
